<?xml version="1.0" encoding="utf-8"?>
<Project ToolsVersion="4.0" xmlns="http://schemas.microsoft.com/developer/msbuild/2003">
  <ItemGroup>
    <Filter Include="Source Files">
      <UniqueIdentifier>{4FC737F1-C7A5-4376-A066-2A32D752A2FF}</UniqueIdentifier>
      <Extensions>cpp;c;cc;cxx;def;odl;idl;hpj;bat;asm;asmx</Extensions>
    </Filter>
    <Filter Include="Resource Files">
      <UniqueIdentifier>{67DA6AB6-F800-4c08-8B7A-83BB121AAD01}</UniqueIdentifier>
      <Extensions>rc;ico;cur;bmp;dlg;rc2;rct;bin;rgs;gif;jpg;jpeg;jpe;resx;tiff;tif;png;wav</Extensions>
    </Filter>
  </ItemGroup>
  <ItemGroup>
    <ClCompile Include="aboutdlg.cpp">
      <Filter>Source Files</Filter>
    </ClCompile>
    <ClCompile Include="admindlg.cpp">
      <Filter>Source Files</Filter>
    </ClCompile>
    <ClCompile Include="appsettings.cpp">
      <Filter>Source Files</Filter>
    </ClCompile>
    <ClCompile Include="build.cxx">
      <Filter>Source Files</Filter>
    </ClCompile>
    <ClCompile Include="buildoptionsdlg.cpp">
      <Filter>Source Files</Filter>
    </ClCompile>
    <ClCompile Include="Collections.cpp">
      <Filter>Source Files</Filter>
    </ClCompile>
    <ClCompile Include="configitem.cpp">
      <Filter>Source Files</Filter>
    </ClCompile>
    <ClCompile Include="configpropdlg.cpp">
      <Filter>Source Files</Filter>
    </ClCompile>
    <ClCompile Include="configtool.cpp">
      <Filter>Source Files</Filter>
    </ClCompile>
    <ClCompile Include="configtooldoc.cpp">
      <Filter>Source Files</Filter>
    </ClCompile>
    <ClCompile Include="configtoolview.cpp">
      <Filter>Source Files</Filter>
    </ClCompile>
    <ClCompile Include="configtree.cpp">
      <Filter>Source Files</Filter>
    </ClCompile>
    <ClCompile Include="conflictsdlg.cpp">
      <Filter>Source Files</Filter>
    </ClCompile>
    <ClCompile Include="conflictwin.cpp">
      <Filter>Source Files</Filter>
    </ClCompile>
    <ClCompile Include="docsystem.cpp">
      <Filter>Source Files</Filter>
    </ClCompile>
    <ClCompile Include="eCosSerial.cpp">
      <Filter>Source Files</Filter>
    </ClCompile>
    <ClCompile Include="eCosSocket.cpp">
      <Filter>Source Files</Filter>
    </ClCompile>
    <ClCompile Include="eCosStd.cpp">
      <Filter>Source Files</Filter>
    </ClCompile>
    <ClCompile Include="eCosTest.cpp">
      <Filter>Source Files</Filter>
    </ClCompile>
    <ClCompile Include="eCosTestDownloadFilter.cpp">
      <Filter>Source Files</Filter>
    </ClCompile>
    <ClCompile Include="eCosTestPlatform.cpp">
      <Filter>Source Files</Filter>
    </ClCompile>
    <ClCompile Include="eCosTestSerialFilter.cpp">
      <Filter>Source Files</Filter>
    </ClCompile>
    <ClCompile Include="eCosTestUtils.cpp">
      <Filter>Source Files</Filter>
    </ClCompile>
    <ClCompile Include="eCosThreadUtils.cpp">
      <Filter>Source Files</Filter>
    </ClCompile>
    <ClCompile Include="eCosTrace.cpp">
      <Filter>Source Files</Filter>
    </ClCompile>
    <ClCompile Include="ecscrolwin.cpp">
      <Filter>Source Files</Filter>
    </ClCompile>
    <ClCompile Include="ecutils.cpp">
      <Filter>Source Files</Filter>
    </ClCompile>
    <ClCompile Include="filename.cpp">
      <Filter>Source Files</Filter>
    </ClCompile>
    <ClCompile Include="finddlg.cpp">
      <Filter>Source Files</Filter>
    </ClCompile>
    <ClCompile Include="flags.cxx">
      <Filter>Source Files</Filter>
    </ClCompile>
    <ClCompile Include="folderdlg.cpp">
      <Filter>Source Files</Filter>
    </ClCompile>
    <ClCompile Include="htmlparser.cpp">
      <Filter>Source Files</Filter>
    </ClCompile>
    <ClCompile Include="choosereposdlg.cpp">
      <Filter>Source Files</Filter>
    </ClCompile>
    <ClCompile Include="licensedlg.cpp">
      <Filter>Source Files</Filter>
    </ClCompile>
    <ClCompile Include="mainwin.cpp">
      <Filter>Source Files</Filter>
    </ClCompile>
    <ClCompile Include="mltwin.cpp">
      <Filter>Source Files</Filter>
    </ClCompile>
    <ClCompile Include="msgdlgex.cpp">
      <Filter>Source Files</Filter>
    </ClCompile>
    <ClCompile Include="outputwin.cpp">
      <Filter>Source Files</Filter>
    </ClCompile>
    <ClCompile Include="packagesdlg.cpp">
      <Filter>Source Files</Filter>
    </ClCompile>
    <ClCompile Include="platformeditordlg.cpp">
      <Filter>Source Files</Filter>
    </ClCompile>
    <ClCompile Include="platformsdlg.cpp">
      <Filter>Source Files</Filter>
    </ClCompile>
    <ClCompile Include="Properties.cpp">
      <Filter>Source Files</Filter>
    </ClCompile>
    <ClCompile Include="propertywin.cpp">
      <Filter>Source Files</Filter>
    </ClCompile>
    <ClCompile Include="reposdlg.cpp">
      <Filter>Source Files</Filter>
    </ClCompile>
    <ClCompile Include="ResetAttributes.cpp">
      <Filter>Source Files</Filter>
    </ClCompile>
    <ClCompile Include="runtestsdlg.cpp">
      <Filter>Source Files</Filter>
    </ClCompile>
    <ClCompile Include="sectiondlg.cpp">
      <Filter>Source Files</Filter>
    </ClCompile>
    <ClCompile Include="settingsdlg.cpp">
      <Filter>Source Files</Filter>
    </ClCompile>
    <ClCompile Include="shortdescrwin.cpp">
      <Filter>Source Files</Filter>
    </ClCompile>
    <ClCompile Include="solutionswin.cpp">
      <Filter>Source Files</Filter>
    </ClCompile>
    <ClCompile Include="splittree.cpp">
      <Filter>Source Files</Filter>
    </ClCompile>
    <ClCompile Include="Subprocess.cpp">
      <Filter>Source Files</Filter>
    </ClCompile>
    <ClCompile Include="templatesdlg.cpp">
      <Filter>Source Files</Filter>
    </ClCompile>
    <ClCompile Include="TestResource.cpp">
      <Filter>Source Files</Filter>
    </ClCompile>
    <ClCompile Include="CTres.cpp">
      <Filter>Source Files</Filter>
    </ClCompile>
  </ItemGroup>
  <ItemGroup>
    <ClInclude Include="aboutdlg.h">
      <Filter>Source Files</Filter>
    </ClInclude>
    <ClInclude Include="admindlg.h">
      <Filter>Source Files</Filter>
    </ClInclude>
    <ClInclude Include="appsettings.h">
      <Filter>Source Files</Filter>
    </ClInclude>
    <ClInclude Include="build.hxx">
      <Filter>Source Files</Filter>
    </ClInclude>
    <ClInclude Include="buildoptionsdlg.h">
      <Filter>Source Files</Filter>
    </ClInclude>
    <ClInclude Include="Collections.h">
      <Filter>Source Files</Filter>
    </ClInclude>
    <ClInclude Include="configitem.h">
      <Filter>Source Files</Filter>
    </ClInclude>
    <ClInclude Include="configpropdlg.h">
      <Filter>Source Files</Filter>
    </ClInclude>
    <ClInclude Include="configtool.h">
      <Filter>Source Files</Filter>
    </ClInclude>
    <ClInclude Include="configtooldoc.h">
      <Filter>Source Files</Filter>
    </ClInclude>
    <ClInclude Include="configtoolview.h">
      <Filter>Source Files</Filter>
    </ClInclude>
    <ClInclude Include="configtree.h">
      <Filter>Source Files</Filter>
    </ClInclude>
    <ClInclude Include="conflictsdlg.h">
      <Filter>Source Files</Filter>
    </ClInclude>
    <ClInclude Include="conflictwin.h">
      <Filter>Source Files</Filter>
    </ClInclude>
    <ClInclude Include="docsystem.h">
      <Filter>Source Files</Filter>
    </ClInclude>
    <ClInclude Include="eCosSerial.h">
      <Filter>Source Files</Filter>
    </ClInclude>
    <ClInclude Include="eCosSocket.h">
      <Filter>Source Files</Filter>
    </ClInclude>
    <ClInclude Include="eCosStd.h">
      <Filter>Source Files</Filter>
    </ClInclude>
    <ClInclude Include="eCosTest.h">
      <Filter>Source Files</Filter>
    </ClInclude>
    <ClInclude Include="eCosTestDownloadFilter.h">
      <Filter>Source Files</Filter>
    </ClInclude>
    <ClInclude Include="eCosTestPlatform.h">
      <Filter>Source Files</Filter>
    </ClInclude>
    <ClInclude Include="eCosTestSerialFilter.h">
      <Filter>Source Files</Filter>
    </ClInclude>
    <ClInclude Include="eCosTestUtils.h">
      <Filter>Source Files</Filter>
    </ClInclude>
    <ClInclude Include="eCosThreadUtils.h">
      <Filter>Source Files</Filter>
    </ClInclude>
    <ClInclude Include="eCosTrace.h">
      <Filter>Source Files</Filter>
    </ClInclude>
    <ClInclude Include="ecpch.h">
      <Filter>Source Files</Filter>
    </ClInclude>
    <ClInclude Include="ecscrolwin.h">
      <Filter>Source Files</Filter>
    </ClInclude>
    <ClInclude Include="ecutils.h">
      <Filter>Source Files</Filter>
    </ClInclude>
    <ClInclude Include="filename.h">
      <Filter>Source Files</Filter>
    </ClInclude>
    <ClInclude Include="finddlg.h">
      <Filter>Source Files</Filter>
    </ClInclude>
    <ClInclude Include="flags.hxx">
      <Filter>Source Files</Filter>
    </ClInclude>
    <ClInclude Include="folderdlg.h">
      <Filter>Source Files</Filter>
    </ClInclude>
    <ClInclude Include="htmlparser.h">
      <Filter>Source Files</Filter>
    </ClInclude>
    <ClInclude Include="choosereposdlg.h">
      <Filter>Source Files</Filter>
    </ClInclude>
    <ClInclude Include="licensedlg.h">
      <Filter>Source Files</Filter>
    </ClInclude>
    <ClInclude Include="mainwin.h">
      <Filter>Source Files</Filter>
    </ClInclude>
    <ClInclude Include="mltwin.h">
      <Filter>Source Files</Filter>
    </ClInclude>
    <ClInclude Include="msgdlgex.h">
      <Filter>Source Files</Filter>
    </ClInclude>
    <ClInclude Include="outputwin.h">
      <Filter>Source Files</Filter>
    </ClInclude>
    <ClInclude Include="packagesdlg.h">
      <Filter>Source Files</Filter>
    </ClInclude>
    <ClInclude Include="platformeditordlg.h">
      <Filter>Source Files</Filter>
    </ClInclude>
    <ClInclude Include="platformsdlg.h">
      <Filter>Source Files</Filter>
    </ClInclude>
    <ClInclude Include="Properties.h">
      <Filter>Source Files</Filter>
    </ClInclude>
    <ClInclude Include="propertywin.h">
      <Filter>Source Files</Filter>
    </ClInclude>
    <ClInclude Include="reposdlg.h">
      <Filter>Source Files</Filter>
    </ClInclude>
    <ClInclude Include="ResetAttributes.h">
      <Filter>Source Files</Filter>
    </ClInclude>
    <ClInclude Include="runtestsdlg.h">
      <Filter>Source Files</Filter>
    </ClInclude>
    <ClInclude Include="sectiondlg.h">
      <Filter>Source Files</Filter>
    </ClInclude>
    <ClInclude Include="settingsdlg.h">
      <Filter>Source Files</Filter>
    </ClInclude>
    <ClInclude Include="shortdescrwin.h">
      <Filter>Source Files</Filter>
    </ClInclude>
    <ClInclude Include="solutionswin.h">
      <Filter>Source Files</Filter>
    </ClInclude>
    <ClInclude Include="splittree.h">
      <Filter>Source Files</Filter>
    </ClInclude>
    <ClInclude Include="Subprocess.h">
      <Filter>Source Files</Filter>
    </ClInclude>
    <ClInclude Include="symbols.h">
      <Filter>Source Files</Filter>
    </ClInclude>
    <ClInclude Include="templatesdlg.h">
      <Filter>Source Files</Filter>
    </ClInclude>
    <ClInclude Include="TestResource.h">
      <Filter>Source Files</Filter>
    </ClInclude>
    <ClInclude Include="resource.h" />
    <ClInclude Include="CTres.h">
      <Filter>Source Files</Filter>
    </ClInclude>
    <ClInclude Include="resource1.h" />
  </ItemGroup>
</Project>