<?xml version="1.0" encoding="utf-8"?>
<Project ToolsVersion="4.0" xmlns="http://schemas.microsoft.com/developer/msbuild/2003">
  <ItemGroup>
    <Filter Include="Zdrojové soubory">
      <UniqueIdentifier>{4FC737F1-C7A5-4376-A066-2A32D752A2FF}</UniqueIdentifier>
      <Extensions>cpp;c;cc;cxx;def;odl;idl;hpj;bat;asm;asmx</Extensions>
    </Filter>
    <Filter Include="Hlavičkové soubory">
      <UniqueIdentifier>{93995380-89BD-4b04-88EB-625FBE52EBFB}</UniqueIdentifier>
      <Extensions>h;hh;hpp;hxx;hm;inl;inc;ipp;xsd</Extensions>
    </Filter>
    <Filter Include="Soubory zdrojů">
      <UniqueIdentifier>{67DA6AB6-F800-4c08-8B7A-83BB121AAD01}</UniqueIdentifier>
      <Extensions>rc;ico;cur;bmp;dlg;rc2;rct;bin;rgs;gif;jpg;jpeg;jpe;resx;tiff;tif;png;wav;mfcribbon-ms</Extensions>
    </Filter>
  </ItemGroup>
  <ItemGroup>
    <ClInclude Include="targetver.h">
      <Filter>Hlavičkové soubory</Filter>
    </ClInclude>
    <ClInclude Include="cdl.hxx">
      <Filter>Hlavičkové soubory</Filter>
    </ClInclude>
    <ClInclude Include="cdlcore.hxx">
      <Filter>Hlavičkové soubory</Filter>
    </ClInclude>
  </ItemGroup>
  <ItemGroup>
    <ClCompile Include="base.cxx">
      <Filter>Soubory zdrojů</Filter>
    </ClCompile>
    <ClCompile Include="build.cxx">
      <Filter>Soubory zdrojů</Filter>
    </ClCompile>
    <ClCompile Include="cdlmisc.cxx">
      <Filter>Soubory zdrojů</Filter>
    </ClCompile>
    <ClCompile Include="component.cxx">
      <Filter>Soubory zdrojů</Filter>
    </ClCompile>
    <ClCompile Include="config.cxx">
      <Filter>Soubory zdrojů</Filter>
    </ClCompile>
    <ClCompile Include="conflict.cxx">
      <Filter>Soubory zdrojů</Filter>
    </ClCompile>
    <ClCompile Include="database.cxx">
      <Filter>Soubory zdrojů</Filter>
    </ClCompile>
    <ClCompile Include="dialog.cxx">
      <Filter>Soubory zdrojů</Filter>
    </ClCompile>
    <ClCompile Include="expr.cxx">
      <Filter>Soubory zdrojů</Filter>
    </ClCompile>
    <ClCompile Include="func.cxx">
      <Filter>Soubory zdrojů</Filter>
    </ClCompile>
    <ClCompile Include="infer.cxx">
      <Filter>Soubory zdrojů</Filter>
    </ClCompile>
    <ClCompile Include="interface.cxx">
      <Filter>Soubory zdrojů</Filter>
    </ClCompile>
    <ClCompile Include="interp.cxx">
      <Filter>Soubory zdrojů</Filter>
    </ClCompile>
    <ClCompile Include="option.cxx">
      <Filter>Soubory zdrojů</Filter>
    </ClCompile>
    <ClCompile Include="package.cxx">
      <Filter>Soubory zdrojů</Filter>
    </ClCompile>
    <ClCompile Include="parse.cxx">
      <Filter>Soubory zdrojů</Filter>
    </ClCompile>
    <ClCompile Include="property.cxx">
      <Filter>Soubory zdrojů</Filter>
    </ClCompile>
    <ClCompile Include="refer.cxx">
      <Filter>Soubory zdrojů</Filter>
    </ClCompile>
    <ClCompile Include="transact.cxx">
      <Filter>Soubory zdrojů</Filter>
    </ClCompile>
    <ClCompile Include="value.cxx">
      <Filter>Soubory zdrojů</Filter>
    </ClCompile>
    <ClCompile Include="wizard.cxx">
      <Filter>Soubory zdrojů</Filter>
    </ClCompile>
  </ItemGroup>
</Project>